
Microsoft Visual Studio Solution File, Format Version 12.00
# Visual Studio Version 17
VisualStudioVersion = 17.14.36221.1 d17.14
MinimumVisualStudioVersion = 10.0.40219.1
Project("{FAE04EC0-301F-11D3-BF4B-00C04F79EFBC}") = "CIE_1", "CIE_1\CIE_1.csproj", "{C9432174-4AA7-4169-831A-8ABAD580ECC7}"
EndProject
Global
	GlobalSection(SolutionConfigurationPlatforms) = preSolution
		Debug|Any CPU = Debug|Any CPU
		Release|Any CPU = Release|Any CPU
	EndGlobalSection
	GlobalSection(ProjectConfigurationPlatforms) = postSolution
		{C9432174-4AA7-4169-831A-8ABAD580ECC7}.Debug|Any CPU.ActiveCfg = Debug|Any CPU
		{C9432174-4AA7-4169-831A-8ABAD580ECC7}.Debug|Any CPU.Build.0 = Debug|Any CPU
		{C9432174-4AA7-4169-831A-8ABAD580ECC7}.Release|Any CPU.ActiveCfg = Release|Any CPU
		{C9432174-4AA7-4169-831A-8ABAD580ECC7}.Release|Any CPU.Build.0 = Release|Any CPU
	EndGlobalSection
	GlobalSection(SolutionProperties) = preSolution
		HideSolutionNode = FALSE
	EndGlobalSection
	GlobalSection(ExtensibilityGlobals) = postSolution
		SolutionGuid = {FB3BA9CB-0014-424B-B4A8-E0D3F9902D82}
	EndGlobalSection
EndGlobal
